
Microsoft Visual Studio Solution File, Format Version 12.00
# Visual Studio Version 17
VisualStudioVersion = 17.14.36429.23
MinimumVisualStudioVersion = 10.0.40219.1
Project("{FAE04EC0-301F-11D3-BF4B-00C04F79EFBC}") = "AU Road signs mod", "AU Road signs mod.csproj", "{E3B3BCBD-860C-4B6F-8662-C40D9CC269A2}"
EndProject
Global
	GlobalSection(SolutionConfigurationPlatforms) = preSolution
		Debug|Any CPU = Debug|Any CPU
		Release|Any CPU = Release|Any CPU
	EndGlobalSection
	GlobalSection(ProjectConfigurationPlatforms) = postSolution
		{E3B3BCBD-860C-4B6F-8662-C40D9CC269A2}.Debug|Any CPU.ActiveCfg = Debug|Any CPU
		{E3B3BCBD-860C-4B6F-8662-C40D9CC269A2}.Debug|Any CPU.Build.0 = Debug|Any CPU
		{E3B3BCBD-860C-4B6F-8662-C40D9CC269A2}.Release|Any CPU.ActiveCfg = Release|Any CPU
		{E3B3BCBD-860C-4B6F-8662-C40D9CC269A2}.Release|Any CPU.Build.0 = Release|Any CPU
	EndGlobalSection
	GlobalSection(SolutionProperties) = preSolution
		HideSolutionNode = FALSE
	EndGlobalSection
	GlobalSection(ExtensibilityGlobals) = postSolution
		SolutionGuid = {76656C14-E4A0-4A5D-A382-A53C709A87A2}
	EndGlobalSection
EndGlobal
